
Microsoft Visual Studio Solution File, Format Version 12.00
# Visual Studio Version 17
VisualStudioVersion = 17.11.35327.3
MinimumVisualStudioVersion = 10.0.40219.1
Project("{FAE04EC0-301F-11D3-BF4B-00C04F79EFBC}") = "BlazorTaskApp", "BlazorTaskApp\BlazorTaskApp.csproj", "{B08E1A39-DA2B-4F3C-B2F5-8819E83AFD44}"
EndProject
Global
	GlobalSection(SolutionConfigurationPlatforms) = preSolution
		Debug|Any CPU = Debug|Any CPU
		Release|Any CPU = Release|Any CPU
	EndGlobalSection
	GlobalSection(ProjectConfigurationPlatforms) = postSolution
		{B08E1A39-DA2B-4F3C-B2F5-8819E83AFD44}.Debug|Any CPU.ActiveCfg = Debug|Any CPU
		{B08E1A39-DA2B-4F3C-B2F5-8819E83AFD44}.Debug|Any CPU.Build.0 = Debug|Any CPU
		{B08E1A39-DA2B-4F3C-B2F5-8819E83AFD44}.Release|Any CPU.ActiveCfg = Release|Any CPU
		{B08E1A39-DA2B-4F3C-B2F5-8819E83AFD44}.Release|Any CPU.Build.0 = Release|Any CPU
	EndGlobalSection
	GlobalSection(SolutionProperties) = preSolution
		HideSolutionNode = FALSE
	EndGlobalSection
	GlobalSection(ExtensibilityGlobals) = postSolution
		SolutionGuid = {1E0F518A-4958-4A3A-B460-87D55943301C}
	EndGlobalSection
EndGlobal
